
Microsoft Visual Studio Solution File, Format Version 12.00
# Visual Studio Version 17
VisualStudioVersion = 17.0.32014.148
MinimumVisualStudioVersion = 10.0.40219.1
Project("{2150E333-8FDC-42A3-9474-1A3956D46DE8}") = "src", "src", "{B8DC5621-48E4-40B7-A5C8-16D31C61F218}"
EndProject
Project("{2150E333-8FDC-42A3-9474-1A3956D46DE8}") = "Core", "Core", "{BE8E280F-13DF-454E-A849-532A733979D4}"
EndProject
Project("{2150E333-8FDC-42A3-9474-1A3956D46DE8}") = "Infrastructure", "Infrastructure", "{B990DD0C-70A6-47B9-A272-C305A04B624E}"
EndProject
Project("{9A19103F-16F7-4668-BE54-9A1E7A4F7556}") = "MyCleanProject1.Application", "src\Core\MyCleanProject1.Application\MyCleanProject1.Application.csproj", "{921E0237-3FA3-4968-8C81-583804FEC024}"
EndProject
Project("{9A19103F-16F7-4668-BE54-9A1E7A4F7556}") = "MyCleanProject1.Domain", "src\Core\MyCleanProject1.Domain\MyCleanProject1.Domain.csproj", "{CE284D81-46F7-4129-9B6C-C0C082AE2102}"
EndProject
Project("{9A19103F-16F7-4668-BE54-9A1E7A4F7556}") = "MyCleanProject1.Identity", "src\Infrastructure\MyCleanProject1.Identity\MyCleanProject1.Identity.csproj", "{97F31A27-2973-4FB3-8E2C-6F26F2990751}"
EndProject
Project("{9A19103F-16F7-4668-BE54-9A1E7A4F7556}") = "MyCleanProject1.Infrastructure", "src\Infrastructure\MyCleanProject1.Infrastructure\MyCleanProject1.Infrastructure.csproj", "{BC655AF0-0F42-4C38-80F0-DBB9971BD882}"
EndProject
Project("{9A19103F-16F7-4668-BE54-9A1E7A4F7556}") = "MyCleanProject1.Persistence", "src\Infrastructure\MyCleanProject1.Persistence\MyCleanProject1.Persistence.csproj", "{67125449-6B88-4DA4-BBD9-143593F653D7}"
EndProject
Project("{2150E333-8FDC-42A3-9474-1A3956D46DE8}") = "test", "test", "{90B9F9C5-2B6A-4E82-AF05-3AEE1EC99E47}"
EndProject
Project("{9A19103F-16F7-4668-BE54-9A1E7A4F7556}") = "MyCleanProject1.Persistence.IntegrationTests", "test\MyCleanProject1.Persistence.IntegrationTests\MyCleanProject1.Persistence.IntegrationTests.csproj", "{A7E4A0B0-38F2-4DFC-B1F5-4443011AB9AA}"
	ProjectSection(ProjectDependencies) = postProject
		{921E0237-3FA3-4968-8C81-583804FEC024} = {921E0237-3FA3-4968-8C81-583804FEC024}
		{CE284D81-46F7-4129-9B6C-C0C082AE2102} = {CE284D81-46F7-4129-9B6C-C0C082AE2102}
		{67125449-6B88-4DA4-BBD9-143593F653D7} = {67125449-6B88-4DA4-BBD9-143593F653D7}
		{97F31A27-2973-4FB3-8E2C-6F26F2990751} = {97F31A27-2973-4FB3-8E2C-6F26F2990751}
	EndProjectSection
EndProject
Project("{9A19103F-16F7-4668-BE54-9A1E7A4F7556}") = "MyCleanProject1.Application.UnitTests", "test\MyCleanProject1.Application.UnitTests\MyCleanProject1.Application.UnitTests.csproj", "{C3320D04-826B-4E25-A935-7881AB1DA421}"
EndProject
Project("{9A19103F-16F7-4668-BE54-9A1E7A4F7556}") = "MyCleanProject1.Identity.UnitTests", "test\MyCleanProject1.Identity.UnitTests\MyCleanProject1.Identity.UnitTests.csproj", "{82D8504B-6873-4B9B-B94C-5B55F870DAA8}"
EndProject
Project("{9A19103F-16F7-4668-BE54-9A1E7A4F7556}") = "MyCleanProject1.Infrastructure.UnitTests", "test\MyCleanProject1.Infrastructure.UnitTests\MyCleanProject1.Infrastructure.UnitTests.csproj", "{5D6BAE0A-D25D-4C42-986C-CBA7D5BE3BDA}"
EndProject
Project("{2150E333-8FDC-42A3-9474-1A3956D46DE8}") = "API", "API", "{A999622F-3828-4A82-9DDD-5B7D7E1E7DA7}"
EndProject
Project("{9A19103F-16F7-4668-BE54-9A1E7A4F7556}") = "MyCleanProject1.Api", "src\API\MyCleanProject1.Api\MyCleanProject1.Api.csproj", "{CB0C831C-C79A-4724-A935-8447061239D6}"
EndProject
Project("{9A19103F-16F7-4668-BE54-9A1E7A4F7556}") = "MyCleanProject1.API.IntegrationTests", "test\MyCleanProject1.API.IntegrationTests\MyCleanProject1.API.IntegrationTests.csproj", "{293D1476-03B0-4CE2-8DFD-E5D79272CC34}"
EndProject
Project("{9A19103F-16F7-4668-BE54-9A1E7A4F7556}") = "MyCleanProject1.API.UnitTests", "test\MyCleanProject1.API.UnitTests\MyCleanProject1.API.UnitTests.csproj", "{9E903FC6-D4FC-4EC4-A3B1-D5BCA1B65697}"
EndProject
Global
	GlobalSection(SolutionConfigurationPlatforms) = preSolution
		Debug|Any CPU = Debug|Any CPU
		Release|Any CPU = Release|Any CPU
	EndGlobalSection
	GlobalSection(ProjectConfigurationPlatforms) = postSolution
		{921E0237-3FA3-4968-8C81-583804FEC024}.Debug|Any CPU.ActiveCfg = Debug|Any CPU
		{921E0237-3FA3-4968-8C81-583804FEC024}.Debug|Any CPU.Build.0 = Debug|Any CPU
		{921E0237-3FA3-4968-8C81-583804FEC024}.Release|Any CPU.ActiveCfg = Release|Any CPU
		{921E0237-3FA3-4968-8C81-583804FEC024}.Release|Any CPU.Build.0 = Release|Any CPU
		{CE284D81-46F7-4129-9B6C-C0C082AE2102}.Debug|Any CPU.ActiveCfg = Debug|Any CPU
		{CE284D81-46F7-4129-9B6C-C0C082AE2102}.Debug|Any CPU.Build.0 = Debug|Any CPU
		{CE284D81-46F7-4129-9B6C-C0C082AE2102}.Release|Any CPU.ActiveCfg = Release|Any CPU
		{CE284D81-46F7-4129-9B6C-C0C082AE2102}.Release|Any CPU.Build.0 = Release|Any CPU
		{97F31A27-2973-4FB3-8E2C-6F26F2990751}.Debug|Any CPU.ActiveCfg = Debug|Any CPU
		{97F31A27-2973-4FB3-8E2C-6F26F2990751}.Debug|Any CPU.Build.0 = Debug|Any CPU
		{97F31A27-2973-4FB3-8E2C-6F26F2990751}.Release|Any CPU.ActiveCfg = Release|Any CPU
		{97F31A27-2973-4FB3-8E2C-6F26F2990751}.Release|Any CPU.Build.0 = Release|Any CPU
		{BC655AF0-0F42-4C38-80F0-DBB9971BD882}.Debug|Any CPU.ActiveCfg = Debug|Any CPU
		{BC655AF0-0F42-4C38-80F0-DBB9971BD882}.Debug|Any CPU.Build.0 = Debug|Any CPU
		{BC655AF0-0F42-4C38-80F0-DBB9971BD882}.Release|Any CPU.ActiveCfg = Release|Any CPU
		{BC655AF0-0F42-4C38-80F0-DBB9971BD882}.Release|Any CPU.Build.0 = Release|Any CPU
		{67125449-6B88-4DA4-BBD9-143593F653D7}.Debug|Any CPU.ActiveCfg = Debug|Any CPU
		{67125449-6B88-4DA4-BBD9-143593F653D7}.Debug|Any CPU.Build.0 = Debug|Any CPU
		{67125449-6B88-4DA4-BBD9-143593F653D7}.Release|Any CPU.ActiveCfg = Release|Any CPU
		{67125449-6B88-4DA4-BBD9-143593F653D7}.Release|Any CPU.Build.0 = Release|Any CPU
		{A7E4A0B0-38F2-4DFC-B1F5-4443011AB9AA}.Debug|Any CPU.ActiveCfg = Debug|Any CPU
		{A7E4A0B0-38F2-4DFC-B1F5-4443011AB9AA}.Debug|Any CPU.Build.0 = Debug|Any CPU
		{A7E4A0B0-38F2-4DFC-B1F5-4443011AB9AA}.Release|Any CPU.ActiveCfg = Release|Any CPU
		{A7E4A0B0-38F2-4DFC-B1F5-4443011AB9AA}.Release|Any CPU.Build.0 = Release|Any CPU
		{C3320D04-826B-4E25-A935-7881AB1DA421}.Debug|Any CPU.ActiveCfg = Debug|Any CPU
		{C3320D04-826B-4E25-A935-7881AB1DA421}.Debug|Any CPU.Build.0 = Debug|Any CPU
		{C3320D04-826B-4E25-A935-7881AB1DA421}.Release|Any CPU.ActiveCfg = Release|Any CPU
		{C3320D04-826B-4E25-A935-7881AB1DA421}.Release|Any CPU.Build.0 = Release|Any CPU
		{82D8504B-6873-4B9B-B94C-5B55F870DAA8}.Debug|Any CPU.ActiveCfg = Debug|Any CPU
		{82D8504B-6873-4B9B-B94C-5B55F870DAA8}.Debug|Any CPU.Build.0 = Debug|Any CPU
		{82D8504B-6873-4B9B-B94C-5B55F870DAA8}.Release|Any CPU.ActiveCfg = Release|Any CPU
		{82D8504B-6873-4B9B-B94C-5B55F870DAA8}.Release|Any CPU.Build.0 = Release|Any CPU
		{5D6BAE0A-D25D-4C42-986C-CBA7D5BE3BDA}.Debug|Any CPU.ActiveCfg = Debug|Any CPU
		{5D6BAE0A-D25D-4C42-986C-CBA7D5BE3BDA}.Debug|Any CPU.Build.0 = Debug|Any CPU
		{5D6BAE0A-D25D-4C42-986C-CBA7D5BE3BDA}.Release|Any CPU.ActiveCfg = Release|Any CPU
		{5D6BAE0A-D25D-4C42-986C-CBA7D5BE3BDA}.Release|Any CPU.Build.0 = Release|Any CPU
		{CB0C831C-C79A-4724-A935-8447061239D6}.Debug|Any CPU.ActiveCfg = Debug|Any CPU
		{CB0C831C-C79A-4724-A935-8447061239D6}.Debug|Any CPU.Build.0 = Debug|Any CPU
		{CB0C831C-C79A-4724-A935-8447061239D6}.Release|Any CPU.ActiveCfg = Release|Any CPU
		{CB0C831C-C79A-4724-A935-8447061239D6}.Release|Any CPU.Build.0 = Release|Any CPU
		{293D1476-03B0-4CE2-8DFD-E5D79272CC34}.Debug|Any CPU.ActiveCfg = Debug|Any CPU
		{293D1476-03B0-4CE2-8DFD-E5D79272CC34}.Debug|Any CPU.Build.0 = Debug|Any CPU
		{293D1476-03B0-4CE2-8DFD-E5D79272CC34}.Release|Any CPU.ActiveCfg = Release|Any CPU
		{293D1476-03B0-4CE2-8DFD-E5D79272CC34}.Release|Any CPU.Build.0 = Release|Any CPU
		{9E903FC6-D4FC-4EC4-A3B1-D5BCA1B65697}.Debug|Any CPU.ActiveCfg = Debug|Any CPU
		{9E903FC6-D4FC-4EC4-A3B1-D5BCA1B65697}.Debug|Any CPU.Build.0 = Debug|Any CPU
		{9E903FC6-D4FC-4EC4-A3B1-D5BCA1B65697}.Release|Any CPU.ActiveCfg = Release|Any CPU
		{9E903FC6-D4FC-4EC4-A3B1-D5BCA1B65697}.Release|Any CPU.Build.0 = Release|Any CPU
	EndGlobalSection
	GlobalSection(SolutionProperties) = preSolution
		HideSolutionNode = FALSE
	EndGlobalSection
	GlobalSection(NestedProjects) = preSolution
		{BE8E280F-13DF-454E-A849-532A733979D4} = {B8DC5621-48E4-40B7-A5C8-16D31C61F218}
		{B990DD0C-70A6-47B9-A272-C305A04B624E} = {B8DC5621-48E4-40B7-A5C8-16D31C61F218}
		{921E0237-3FA3-4968-8C81-583804FEC024} = {BE8E280F-13DF-454E-A849-532A733979D4}
		{CE284D81-46F7-4129-9B6C-C0C082AE2102} = {BE8E280F-13DF-454E-A849-532A733979D4}
		{97F31A27-2973-4FB3-8E2C-6F26F2990751} = {B990DD0C-70A6-47B9-A272-C305A04B624E}
		{BC655AF0-0F42-4C38-80F0-DBB9971BD882} = {B990DD0C-70A6-47B9-A272-C305A04B624E}
		{67125449-6B88-4DA4-BBD9-143593F653D7} = {B990DD0C-70A6-47B9-A272-C305A04B624E}
		{A7E4A0B0-38F2-4DFC-B1F5-4443011AB9AA} = {90B9F9C5-2B6A-4E82-AF05-3AEE1EC99E47}
		{C3320D04-826B-4E25-A935-7881AB1DA421} = {90B9F9C5-2B6A-4E82-AF05-3AEE1EC99E47}
		{82D8504B-6873-4B9B-B94C-5B55F870DAA8} = {90B9F9C5-2B6A-4E82-AF05-3AEE1EC99E47}
		{5D6BAE0A-D25D-4C42-986C-CBA7D5BE3BDA} = {90B9F9C5-2B6A-4E82-AF05-3AEE1EC99E47}
		{A999622F-3828-4A82-9DDD-5B7D7E1E7DA7} = {B8DC5621-48E4-40B7-A5C8-16D31C61F218}
		{CB0C831C-C79A-4724-A935-8447061239D6} = {A999622F-3828-4A82-9DDD-5B7D7E1E7DA7}
		{293D1476-03B0-4CE2-8DFD-E5D79272CC34} = {90B9F9C5-2B6A-4E82-AF05-3AEE1EC99E47}
		{9E903FC6-D4FC-4EC4-A3B1-D5BCA1B65697} = {90B9F9C5-2B6A-4E82-AF05-3AEE1EC99E47}
	EndGlobalSection
	GlobalSection(ExtensibilityGlobals) = postSolution
		SolutionGuid = {920EDF2B-79D6-48A5-AF80-5C4256675664}
	EndGlobalSection
EndGlobal
